PODS:
  - Alamofire (5.4.3)
  - Kingfisher (6.3.1)
  - Moya (14.0.0):
    - Moya/Core (= 14.0.0)
  - Moya/Core (14.0.0):
    - Alamofire (~> 5.0)
  - ObjectMapper (4.2.0)

DEPENDENCIES:
  - Kingfisher
  - Moya
  - ObjectMapper

SPEC REPOS:
  trunk:
    - Alamofire
    - Kingfisher
    - Moya
    - ObjectMapper

SPEC CHECKSUMS:
  Alamofire: e447a2774a40c996748296fa2c55112fdbbc42f9
  Kingfisher: 016c8b653a35add51dd34a3aba36b580041acc74
  Moya: 5b45dacb75adb009f97fde91c204c1e565d31916
  ObjectMapper: 1eb41f610210777375fa806bf161dc39fb832b81

PODFILE CHECKSUM: e8044e7f71e8d046e66b129601ca0127eb324e02

COCOAPODS: 1.10.2
